
Microsoft Visual Studio Solution File, Format Version 12.00
# Visual Studio Version 17
VisualStudioVersion = 17.11.35327.3
MinimumVisualStudioVersion = 10.0.40219.1
Project("{FAE04EC0-301F-11D3-BF4B-00C04F79EFBC}") = "Tarea_02_Modulo3", "Tarea_02_Modulo3\Tarea_02_Modulo3.csproj", "{FA394624-7658-4A83-A958-46D314513116}"
EndProject
Global
	GlobalSection(SolutionConfigurationPlatforms) = preSolution
		Debug|Any CPU = Debug|Any CPU
		Release|Any CPU = Release|Any CPU
	EndGlobalSection
	GlobalSection(ProjectConfigurationPlatforms) = postSolution
		{FA394624-7658-4A83-A958-46D314513116}.Debug|Any CPU.ActiveCfg = Debug|Any CPU
		{FA394624-7658-4A83-A958-46D314513116}.Debug|Any CPU.Build.0 = Debug|Any CPU
		{FA394624-7658-4A83-A958-46D314513116}.Release|Any CPU.ActiveCfg = Release|Any CPU
		{FA394624-7658-4A83-A958-46D314513116}.Release|Any CPU.Build.0 = Release|Any CPU
	EndGlobalSection
	GlobalSection(SolutionProperties) = preSolution
		HideSolutionNode = FALSE
	EndGlobalSection
	GlobalSection(ExtensibilityGlobals) = postSolution
		SolutionGuid = {9F802FB5-D7DC-4B73-833A-5A6EA09DC3B3}
	EndGlobalSection
EndGlobal
